
Microsoft Visual Studio Solution File, Format Version 12.00
# Visual Studio 14
VisualStudioVersion = 14.0.25420.1
MinimumVisualStudioVersion = 10.0.40219.1
Project("{FAE04EC0-301F-11D3-BF4B-00C04F79EFBC}") = "001EFDemo", "001EFDemo\001EFDemo.csproj", "{B1BF4A9B-13F6-46A4-8E50-BEDB8DF0F80B}"
EndProject
Project("{FAE04EC0-301F-11D3-BF4B-00C04F79EFBC}") = "002FluentAPI", "002FluentAPI\002FluentAPI.csproj", "{8D47634B-E187-4002-B8A4-A5B7F63C67FF}"
EndProject
Project("{FAE04EC0-301F-11D3-BF4B-00C04F79EFBC}") = "003CURD", "003CURD\003CURD.csproj", "{B50E3829-6A14-4AFA-BDA8-4FFF151D08B6}"
EndProject
Project("{FAE04EC0-301F-11D3-BF4B-00C04F79EFBC}") = "004FluentAPI2", "004FluentAPI\004FluentAPI2.csproj", "{9B4DA3A8-9D11-4F11-BBD2-348F050F9162}"
EndProject
Project("{FAE04EC0-301F-11D3-BF4B-00C04F79EFBC}") = "005配置一对多关系", "005配置一对多关系\005配置一对多关系.csproj", "{5951CABF-997D-4F18-9EC2-DD019CEC6253}"
EndProject
Project("{FAE04EC0-301F-11D3-BF4B-00C04F79EFBC}") = "006配置多对多关系", "006配置多对多关系\006配置多对多关系.csproj", "{11DD8A0E-33CE-4500-8F56-0CE226FC4D8B}"
EndProject
Project("{FAE04EC0-301F-11D3-BF4B-00C04F79EFBC}") = "007公共父类", "007公共父类\007公共父类.csproj", "{0741543F-D4BB-4551-8404-35D3D61E2219}"
EndProject
Project("{FAE04EC0-301F-11D3-BF4B-00C04F79EFBC}") = "008EFEntities", "008EFEntities\008EFEntities.csproj", "{7711468E-F0F5-4764-9A49-92D56DAE24F4}"
EndProject
Project("{FAE04EC0-301F-11D3-BF4B-00C04F79EFBC}") = "008MVC+EF", "008MVC+EF\008MVC+EF.csproj", "{94F90839-88A7-40B8-80AD-E0C1F9E8B39A}"
EndProject
Project("{FAE04EC0-301F-11D3-BF4B-00C04F79EFBC}") = "008EFDAL", "008EFDAL\008EFDAL.csproj", "{6B479C1C-7E03-4E37-B7F7-9385246A92E8}"
EndProject
Project("{FAE04EC0-301F-11D3-BF4B-00C04F79EFBC}") = "008EFDTO", "008EFDTO\008EFDTO.csproj", "{C9E1B413-01BA-4A1B-9C05-CB6C73F8CC1B}"
EndProject
Project("{FAE04EC0-301F-11D3-BF4B-00C04F79EFBC}") = "008EFBLL", "008EFBLL\008EFBLL.csproj", "{DD56A3FE-A656-4BBF-B99C-EBA85F115E89}"
EndProject
Project("{FAE04EC0-301F-11D3-BF4B-00C04F79EFBC}") = "009SchoolDTO", "009SchoolDTO\009SchoolDTO.csproj", "{088CF9EF-5117-41E4-B16A-3D56F88739B6}"
EndProject
Project("{FAE04EC0-301F-11D3-BF4B-00C04F79EFBC}") = "009SchoolService", "009SchoolService\009SchoolService.csproj", "{F329EA99-A5B3-4600-AA6E-EB6EB27D2EFB}"
EndProject
Project("{2150E333-8FDC-42A3-9474-1A3956D46DE8}") = "008MVC+EF+三层", "008MVC+EF+三层", "{712668D2-C615-4A74-AB68-3D1DBC1BC00E}"
EndProject
Project("{2150E333-8FDC-42A3-9474-1A3956D46DE8}") = "009UI+Service", "009UI+Service", "{52356271-AB8F-4E6A-8B7F-5F64EBD8D3B6}"
EndProject
Project("{FAE04EC0-301F-11D3-BF4B-00C04F79EFBC}") = "SchoolWeb", "009SchoolWeb\SchoolWeb.csproj", "{A2F1244F-FCB6-48BF-A9AE-F72193DF3279}"
EndProject
Global
	GlobalSection(SolutionConfigurationPlatforms) = preSolution
		Debug|Any CPU = Debug|Any CPU
		Release|Any CPU = Release|Any CPU
	EndGlobalSection
	GlobalSection(ProjectConfigurationPlatforms) = postSolution
		{B1BF4A9B-13F6-46A4-8E50-BEDB8DF0F80B}.Debug|Any CPU.ActiveCfg = Debug|Any CPU
		{B1BF4A9B-13F6-46A4-8E50-BEDB8DF0F80B}.Debug|Any CPU.Build.0 = Debug|Any CPU
		{B1BF4A9B-13F6-46A4-8E50-BEDB8DF0F80B}.Release|Any CPU.ActiveCfg = Release|Any CPU
		{B1BF4A9B-13F6-46A4-8E50-BEDB8DF0F80B}.Release|Any CPU.Build.0 = Release|Any CPU
		{8D47634B-E187-4002-B8A4-A5B7F63C67FF}.Debug|Any CPU.ActiveCfg = Debug|Any CPU
		{8D47634B-E187-4002-B8A4-A5B7F63C67FF}.Debug|Any CPU.Build.0 = Debug|Any CPU
		{8D47634B-E187-4002-B8A4-A5B7F63C67FF}.Release|Any CPU.ActiveCfg = Release|Any CPU
		{8D47634B-E187-4002-B8A4-A5B7F63C67FF}.Release|Any CPU.Build.0 = Release|Any CPU
		{B50E3829-6A14-4AFA-BDA8-4FFF151D08B6}.Debug|Any CPU.ActiveCfg = Debug|Any CPU
		{B50E3829-6A14-4AFA-BDA8-4FFF151D08B6}.Debug|Any CPU.Build.0 = Debug|Any CPU
		{B50E3829-6A14-4AFA-BDA8-4FFF151D08B6}.Release|Any CPU.ActiveCfg = Release|Any CPU
		{B50E3829-6A14-4AFA-BDA8-4FFF151D08B6}.Release|Any CPU.Build.0 = Release|Any CPU
		{9B4DA3A8-9D11-4F11-BBD2-348F050F9162}.Debug|Any CPU.ActiveCfg = Debug|Any CPU
		{9B4DA3A8-9D11-4F11-BBD2-348F050F9162}.Debug|Any CPU.Build.0 = Debug|Any CPU
		{9B4DA3A8-9D11-4F11-BBD2-348F050F9162}.Release|Any CPU.ActiveCfg = Release|Any CPU
		{9B4DA3A8-9D11-4F11-BBD2-348F050F9162}.Release|Any CPU.Build.0 = Release|Any CPU
		{5951CABF-997D-4F18-9EC2-DD019CEC6253}.Debug|Any CPU.ActiveCfg = Debug|Any CPU
		{5951CABF-997D-4F18-9EC2-DD019CEC6253}.Debug|Any CPU.Build.0 = Debug|Any CPU
		{5951CABF-997D-4F18-9EC2-DD019CEC6253}.Release|Any CPU.ActiveCfg = Release|Any CPU
		{5951CABF-997D-4F18-9EC2-DD019CEC6253}.Release|Any CPU.Build.0 = Release|Any CPU
		{11DD8A0E-33CE-4500-8F56-0CE226FC4D8B}.Debug|Any CPU.ActiveCfg = Debug|Any CPU
		{11DD8A0E-33CE-4500-8F56-0CE226FC4D8B}.Debug|Any CPU.Build.0 = Debug|Any CPU
		{11DD8A0E-33CE-4500-8F56-0CE226FC4D8B}.Release|Any CPU.ActiveCfg = Release|Any CPU
		{11DD8A0E-33CE-4500-8F56-0CE226FC4D8B}.Release|Any CPU.Build.0 = Release|Any CPU
		{0741543F-D4BB-4551-8404-35D3D61E2219}.Debug|Any CPU.ActiveCfg = Debug|Any CPU
		{0741543F-D4BB-4551-8404-35D3D61E2219}.Debug|Any CPU.Build.0 = Debug|Any CPU
		{0741543F-D4BB-4551-8404-35D3D61E2219}.Release|Any CPU.ActiveCfg = Release|Any CPU
		{0741543F-D4BB-4551-8404-35D3D61E2219}.Release|Any CPU.Build.0 = Release|Any CPU
		{7711468E-F0F5-4764-9A49-92D56DAE24F4}.Debug|Any CPU.ActiveCfg = Debug|Any CPU
		{7711468E-F0F5-4764-9A49-92D56DAE24F4}.Debug|Any CPU.Build.0 = Debug|Any CPU
		{7711468E-F0F5-4764-9A49-92D56DAE24F4}.Release|Any CPU.ActiveCfg = Release|Any CPU
		{7711468E-F0F5-4764-9A49-92D56DAE24F4}.Release|Any CPU.Build.0 = Release|Any CPU
		{94F90839-88A7-40B8-80AD-E0C1F9E8B39A}.Debug|Any CPU.ActiveCfg = Debug|Any CPU
		{94F90839-88A7-40B8-80AD-E0C1F9E8B39A}.Debug|Any CPU.Build.0 = Debug|Any CPU
		{94F90839-88A7-40B8-80AD-E0C1F9E8B39A}.Release|Any CPU.ActiveCfg = Release|Any CPU
		{94F90839-88A7-40B8-80AD-E0C1F9E8B39A}.Release|Any CPU.Build.0 = Release|Any CPU
		{6B479C1C-7E03-4E37-B7F7-9385246A92E8}.Debug|Any CPU.ActiveCfg = Debug|Any CPU
		{6B479C1C-7E03-4E37-B7F7-9385246A92E8}.Debug|Any CPU.Build.0 = Debug|Any CPU
		{6B479C1C-7E03-4E37-B7F7-9385246A92E8}.Release|Any CPU.ActiveCfg = Release|Any CPU
		{6B479C1C-7E03-4E37-B7F7-9385246A92E8}.Release|Any CPU.Build.0 = Release|Any CPU
		{C9E1B413-01BA-4A1B-9C05-CB6C73F8CC1B}.Debug|Any CPU.ActiveCfg = Debug|Any CPU
		{C9E1B413-01BA-4A1B-9C05-CB6C73F8CC1B}.Debug|Any CPU.Build.0 = Debug|Any CPU
		{C9E1B413-01BA-4A1B-9C05-CB6C73F8CC1B}.Release|Any CPU.ActiveCfg = Release|Any CPU
		{C9E1B413-01BA-4A1B-9C05-CB6C73F8CC1B}.Release|Any CPU.Build.0 = Release|Any CPU
		{DD56A3FE-A656-4BBF-B99C-EBA85F115E89}.Debug|Any CPU.ActiveCfg = Debug|Any CPU
		{DD56A3FE-A656-4BBF-B99C-EBA85F115E89}.Debug|Any CPU.Build.0 = Debug|Any CPU
		{DD56A3FE-A656-4BBF-B99C-EBA85F115E89}.Release|Any CPU.ActiveCfg = Release|Any CPU
		{DD56A3FE-A656-4BBF-B99C-EBA85F115E89}.Release|Any CPU.Build.0 = Release|Any CPU
		{088CF9EF-5117-41E4-B16A-3D56F88739B6}.Debug|Any CPU.ActiveCfg = Debug|Any CPU
		{088CF9EF-5117-41E4-B16A-3D56F88739B6}.Debug|Any CPU.Build.0 = Debug|Any CPU
		{088CF9EF-5117-41E4-B16A-3D56F88739B6}.Release|Any CPU.ActiveCfg = Release|Any CPU
		{088CF9EF-5117-41E4-B16A-3D56F88739B6}.Release|Any CPU.Build.0 = Release|Any CPU
		{F329EA99-A5B3-4600-AA6E-EB6EB27D2EFB}.Debug|Any CPU.ActiveCfg = Debug|Any CPU
		{F329EA99-A5B3-4600-AA6E-EB6EB27D2EFB}.Debug|Any CPU.Build.0 = Debug|Any CPU
		{F329EA99-A5B3-4600-AA6E-EB6EB27D2EFB}.Release|Any CPU.ActiveCfg = Release|Any CPU
		{F329EA99-A5B3-4600-AA6E-EB6EB27D2EFB}.Release|Any CPU.Build.0 = Release|Any CPU
		{A2F1244F-FCB6-48BF-A9AE-F72193DF3279}.Debug|Any CPU.ActiveCfg = Debug|Any CPU
		{A2F1244F-FCB6-48BF-A9AE-F72193DF3279}.Debug|Any CPU.Build.0 = Debug|Any CPU
		{A2F1244F-FCB6-48BF-A9AE-F72193DF3279}.Release|Any CPU.ActiveCfg = Release|Any CPU
		{A2F1244F-FCB6-48BF-A9AE-F72193DF3279}.Release|Any CPU.Build.0 = Release|Any CPU
	EndGlobalSection
	GlobalSection(SolutionProperties) = preSolution
		HideSolutionNode = FALSE
	EndGlobalSection
	GlobalSection(NestedProjects) = preSolution
		{7711468E-F0F5-4764-9A49-92D56DAE24F4} = {712668D2-C615-4A74-AB68-3D1DBC1BC00E}
		{94F90839-88A7-40B8-80AD-E0C1F9E8B39A} = {712668D2-C615-4A74-AB68-3D1DBC1BC00E}
		{6B479C1C-7E03-4E37-B7F7-9385246A92E8} = {712668D2-C615-4A74-AB68-3D1DBC1BC00E}
		{C9E1B413-01BA-4A1B-9C05-CB6C73F8CC1B} = {712668D2-C615-4A74-AB68-3D1DBC1BC00E}
		{DD56A3FE-A656-4BBF-B99C-EBA85F115E89} = {712668D2-C615-4A74-AB68-3D1DBC1BC00E}
		{088CF9EF-5117-41E4-B16A-3D56F88739B6} = {52356271-AB8F-4E6A-8B7F-5F64EBD8D3B6}
		{F329EA99-A5B3-4600-AA6E-EB6EB27D2EFB} = {52356271-AB8F-4E6A-8B7F-5F64EBD8D3B6}
		{A2F1244F-FCB6-48BF-A9AE-F72193DF3279} = {52356271-AB8F-4E6A-8B7F-5F64EBD8D3B6}
	EndGlobalSection
EndGlobal
