
Microsoft Visual Studio Solution File, Format Version 12.00
# Visual Studio 14
VisualStudioVersion = 14.0.25420.1
MinimumVisualStudioVersion = 10.0.40219.1
Project("{FAE04EC0-301F-11D3-BF4B-00C04F79EFBC}") = "001EFDemo", "001EFDemo\001EFDemo.csproj", "{B1BF4A9B-13F6-46A4-8E50-BEDB8DF0F80B}"
EndProject
Project("{FAE04EC0-301F-11D3-BF4B-00C04F79EFBC}") = "002FluentAPI", "002FluentAPI\002FluentAPI.csproj", "{8D47634B-E187-4002-B8A4-A5B7F63C67FF}"
EndProject
Project("{FAE04EC0-301F-11D3-BF4B-00C04F79EFBC}") = "003CURD", "003CURD\003CURD.csproj", "{B50E3829-6A14-4AFA-BDA8-4FFF151D08B6}"
EndProject
Global
	GlobalSection(SolutionConfigurationPlatforms) = preSolution
		Debug|Any CPU = Debug|Any CPU
		Release|Any CPU = Release|Any CPU
	EndGlobalSection
	GlobalSection(ProjectConfigurationPlatforms) = postSolution
		{B1BF4A9B-13F6-46A4-8E50-BEDB8DF0F80B}.Debug|Any CPU.ActiveCfg = Debug|Any CPU
		{B1BF4A9B-13F6-46A4-8E50-BEDB8DF0F80B}.Debug|Any CPU.Build.0 = Debug|Any CPU
		{B1BF4A9B-13F6-46A4-8E50-BEDB8DF0F80B}.Release|Any CPU.ActiveCfg = Release|Any CPU
		{B1BF4A9B-13F6-46A4-8E50-BEDB8DF0F80B}.Release|Any CPU.Build.0 = Release|Any CPU
		{8D47634B-E187-4002-B8A4-A5B7F63C67FF}.Debug|Any CPU.ActiveCfg = Debug|Any CPU
		{8D47634B-E187-4002-B8A4-A5B7F63C67FF}.Debug|Any CPU.Build.0 = Debug|Any CPU
		{8D47634B-E187-4002-B8A4-A5B7F63C67FF}.Release|Any CPU.ActiveCfg = Release|Any CPU
		{8D47634B-E187-4002-B8A4-A5B7F63C67FF}.Release|Any CPU.Build.0 = Release|Any CPU
		{B50E3829-6A14-4AFA-BDA8-4FFF151D08B6}.Debug|Any CPU.ActiveCfg = Debug|Any CPU
		{B50E3829-6A14-4AFA-BDA8-4FFF151D08B6}.Debug|Any CPU.Build.0 = Debug|Any CPU
		{B50E3829-6A14-4AFA-BDA8-4FFF151D08B6}.Release|Any CPU.ActiveCfg = Release|Any CPU
		{B50E3829-6A14-4AFA-BDA8-4FFF151D08B6}.Release|Any CPU.Build.0 = Release|Any CPU
	EndGlobalSection
	GlobalSection(SolutionProperties) = preSolution
		HideSolutionNode = FALSE
	EndGlobalSection
EndGlobal
