
Microsoft Visual Studio Solution File, Format Version 12.00
# Visual Studio 14
VisualStudioVersion = 14.0.25420.1
MinimumVisualStudioVersion = 10.0.40219.1
Project("{FAE04EC0-301F-11D3-BF4B-00C04F79EFBC}") = "001EFDemo", "001EFDemo\001EFDemo.csproj", "{B1BF4A9B-13F6-46A4-8E50-BEDB8DF0F80B}"
EndProject
Project("{FAE04EC0-301F-11D3-BF4B-00C04F79EFBC}") = "002FluentAPI", "002FluentAPI\002FluentAPI.csproj", "{8D47634B-E187-4002-B8A4-A5B7F63C67FF}"
EndProject
Project("{FAE04EC0-301F-11D3-BF4B-00C04F79EFBC}") = "003CURD", "003CURD\003CURD.csproj", "{B50E3829-6A14-4AFA-BDA8-4FFF151D08B6}"
EndProject
Project("{FAE04EC0-301F-11D3-BF4B-00C04F79EFBC}") = "004FluentAPI2", "004FluentAPI\004FluentAPI2.csproj", "{9B4DA3A8-9D11-4F11-BBD2-348F050F9162}"
EndProject
Project("{FAE04EC0-301F-11D3-BF4B-00C04F79EFBC}") = "005配置一对多关系", "005配置一对多关系\005配置一对多关系.csproj", "{5951CABF-997D-4F18-9EC2-DD019CEC6253}"
EndProject
Project("{FAE04EC0-301F-11D3-BF4B-00C04F79EFBC}") = "006配置多对多关系", "006配置多对多关系\006配置多对多关系.csproj", "{11DD8A0E-33CE-4500-8F56-0CE226FC4D8B}"
EndProject
Project("{FAE04EC0-301F-11D3-BF4B-00C04F79EFBC}") = "007公共父类", "007公共父类\007公共父类.csproj", "{0741543F-D4BB-4551-8404-35D3D61E2219}"
EndProject
Global
	GlobalSection(SolutionConfigurationPlatforms) = preSolution
		Debug|Any CPU = Debug|Any CPU
		Release|Any CPU = Release|Any CPU
	EndGlobalSection
	GlobalSection(ProjectConfigurationPlatforms) = postSolution
		{B1BF4A9B-13F6-46A4-8E50-BEDB8DF0F80B}.Debug|Any CPU.ActiveCfg = Debug|Any CPU
		{B1BF4A9B-13F6-46A4-8E50-BEDB8DF0F80B}.Debug|Any CPU.Build.0 = Debug|Any CPU
		{B1BF4A9B-13F6-46A4-8E50-BEDB8DF0F80B}.Release|Any CPU.ActiveCfg = Release|Any CPU
		{B1BF4A9B-13F6-46A4-8E50-BEDB8DF0F80B}.Release|Any CPU.Build.0 = Release|Any CPU
		{8D47634B-E187-4002-B8A4-A5B7F63C67FF}.Debug|Any CPU.ActiveCfg = Debug|Any CPU
		{8D47634B-E187-4002-B8A4-A5B7F63C67FF}.Debug|Any CPU.Build.0 = Debug|Any CPU
		{8D47634B-E187-4002-B8A4-A5B7F63C67FF}.Release|Any CPU.ActiveCfg = Release|Any CPU
		{8D47634B-E187-4002-B8A4-A5B7F63C67FF}.Release|Any CPU.Build.0 = Release|Any CPU
		{B50E3829-6A14-4AFA-BDA8-4FFF151D08B6}.Debug|Any CPU.ActiveCfg = Debug|Any CPU
		{B50E3829-6A14-4AFA-BDA8-4FFF151D08B6}.Debug|Any CPU.Build.0 = Debug|Any CPU
		{B50E3829-6A14-4AFA-BDA8-4FFF151D08B6}.Release|Any CPU.ActiveCfg = Release|Any CPU
		{B50E3829-6A14-4AFA-BDA8-4FFF151D08B6}.Release|Any CPU.Build.0 = Release|Any CPU
		{9B4DA3A8-9D11-4F11-BBD2-348F050F9162}.Debug|Any CPU.ActiveCfg = Debug|Any CPU
		{9B4DA3A8-9D11-4F11-BBD2-348F050F9162}.Debug|Any CPU.Build.0 = Debug|Any CPU
		{9B4DA3A8-9D11-4F11-BBD2-348F050F9162}.Release|Any CPU.ActiveCfg = Release|Any CPU
		{9B4DA3A8-9D11-4F11-BBD2-348F050F9162}.Release|Any CPU.Build.0 = Release|Any CPU
		{5951CABF-997D-4F18-9EC2-DD019CEC6253}.Debug|Any CPU.ActiveCfg = Debug|Any CPU
		{5951CABF-997D-4F18-9EC2-DD019CEC6253}.Debug|Any CPU.Build.0 = Debug|Any CPU
		{5951CABF-997D-4F18-9EC2-DD019CEC6253}.Release|Any CPU.ActiveCfg = Release|Any CPU
		{5951CABF-997D-4F18-9EC2-DD019CEC6253}.Release|Any CPU.Build.0 = Release|Any CPU
		{11DD8A0E-33CE-4500-8F56-0CE226FC4D8B}.Debug|Any CPU.ActiveCfg = Debug|Any CPU
		{11DD8A0E-33CE-4500-8F56-0CE226FC4D8B}.Debug|Any CPU.Build.0 = Debug|Any CPU
		{11DD8A0E-33CE-4500-8F56-0CE226FC4D8B}.Release|Any CPU.ActiveCfg = Release|Any CPU
		{11DD8A0E-33CE-4500-8F56-0CE226FC4D8B}.Release|Any CPU.Build.0 = Release|Any CPU
		{0741543F-D4BB-4551-8404-35D3D61E2219}.Debug|Any CPU.ActiveCfg = Debug|Any CPU
		{0741543F-D4BB-4551-8404-35D3D61E2219}.Debug|Any CPU.Build.0 = Debug|Any CPU
		{0741543F-D4BB-4551-8404-35D3D61E2219}.Release|Any CPU.ActiveCfg = Release|Any CPU
		{0741543F-D4BB-4551-8404-35D3D61E2219}.Release|Any CPU.Build.0 = Release|Any CPU
	EndGlobalSection
	GlobalSection(SolutionProperties) = preSolution
		HideSolutionNode = FALSE
	EndGlobalSection
EndGlobal
